# This file is generated by running "yarn install" inside your project.
# Manual changes might be lost - proceed with caution!

__metadata:
  version: 6
  cacheKey: 8

"@babel/code-frame@npm:^7.0.0":
  version: 7.18.6
  resolution: "@babel/code-frame@npm:7.18.6"
  dependencies:
    "@babel/highlight": ^7.18.6
  checksum: 195e2be3172d7684bf95cff69ae3b7a15a9841ea9d27d3c843662d50cdd7d6470fd9c8e64be84d031117e4a4083486effba39f9aef6bbb2c89f7f21bcfba33ba
  languageName: node
  linkType: hard

"@babel/helper-validator-identifier@npm:^7.18.6":
  version: 7.19.1
  resolution: "@babel/helper-validator-identifier@npm:7.19.1"
  checksum: 0eca5e86a729162af569b46c6c41a63e18b43dbe09fda1d2a3c8924f7d617116af39cac5e4cd5d431bb760b4dca3c0970e0c444789b1db42bcf1fa41fbad0a3a
  languageName: node
  linkType: hard

"@babel/highlight@npm:^7.18.6":
  version: 7.18.6
  resolution: "@babel/highlight@npm:7.18.6"
  dependencies:
    "@babel/helper-validator-identifier": ^7.18.6
    chalk: ^2.0.0
    js-tokens: ^4.0.0
  checksum: 92d8ee61549de5ff5120e945e774728e5ccd57fd3b2ed6eace020ec744823d4a98e242be1453d21764a30a14769ecd62170fba28539b211799bbaf232bbb2789
  languageName: node
  linkType: hard

"@types/parse-author@npm:^2.0.0":
  version: 2.0.1
  resolution: "@types/parse-author@npm:2.0.1"
  checksum: a1329d0a9c87317c1ba526943ea94aff009760f0b517cabb55a07818ef9df2983b411ba2f25124c3aadb20738e30a38a95c99fea2ad6002def1a1c7e8a9ef43e
  languageName: node
  linkType: hard

"@types/parse-json@npm:^4.0.0":
  version: 4.0.0
  resolution: "@types/parse-json@npm:4.0.0"
  checksum: fd6bce2b674b6efc3db4c7c3d336bd70c90838e8439de639b909ce22f3720d21344f52427f1d9e57b265fcb7f6c018699b99e5e0c208a1a4823014269a6bf35b
  languageName: node
  linkType: hard

"@types/prettier-package-json@npm:^2":
  version: 2.1.1
  resolution: "@types/prettier-package-json@npm:2.1.1"
  checksum: f1c083c5bb40d4dcf0afb036092e81c7ada02b53f61f822ae3e804edbc115b92abd49f0cf6eaced1f0fb903434e52633d0472028b43a6df4c76bd5898dab381e
  languageName: node
  linkType: hard

"@types/prettier@npm:^2":
  version: 2.7.1
  resolution: "@types/prettier@npm:2.7.1"
  checksum: 5e3f58e229d6c73b5f5cae2e8f96c1c4a5b5805f83459e17a045ba8e96152b1d38e86b63e3172fb159dac923388699660862b75b2d37e54220805f0e691e26f1
  languageName: node
  linkType: hard

"aggregate-error@npm:^3.0.0":
  version: 3.1.0
  resolution: "aggregate-error@npm:3.1.0"
  dependencies:
    clean-stack: ^2.0.0
    indent-string: ^4.0.0
  checksum: 1101a33f21baa27a2fa8e04b698271e64616b886795fd43c31068c07533c7b3facfcaf4e9e0cab3624bd88f729a592f1c901a1a229c9e490eafce411a8644b79
  languageName: node
  linkType: hard

"ansi-escapes@npm:^4.3.0":
  version: 4.3.2
  resolution: "ansi-escapes@npm:4.3.2"
  dependencies:
    type-fest: ^0.21.3
  checksum: 93111c42189c0a6bed9cdb4d7f2829548e943827ee8479c74d6e0b22ee127b2a21d3f8b5ca57723b8ef78ce011fbfc2784350eb2bde3ccfccf2f575fa8489815
  languageName: node
  linkType: hard

"ansi-regex@npm:^5.0.1":
  version: 5.0.1
  resolution: "ansi-regex@npm:5.0.1"
  checksum: 2aa4bb54caf2d622f1afdad09441695af2a83aa3fe8b8afa581d205e57ed4261c183c4d3877cee25794443fde5876417d859c108078ab788d6af7e4fe52eb66b
  languageName: node
  linkType: hard

"ansi-regex@npm:^6.0.1":
  version: 6.0.1
  resolution: "ansi-regex@npm:6.0.1"
  checksum: 1ff8b7667cded1de4fa2c9ae283e979fc87036864317da86a2e546725f96406746411d0d85e87a2d12fa5abd715d90006de7fa4fa0477c92321ad3b4c7d4e169
  languageName: node
  linkType: hard

"ansi-styles@npm:^3.2.1":
  version: 3.2.1
  resolution: "ansi-styles@npm:3.2.1"
  dependencies:
    color-convert: ^1.9.0
  checksum: d85ade01c10e5dd77b6c89f34ed7531da5830d2cb5882c645f330079975b716438cd7ebb81d0d6e6b4f9c577f19ae41ab55f07f19786b02f9dfd9e0377395665
  languageName: node
  linkType: hard

"ansi-styles@npm:^4.0.0":
  version: 4.3.0
  resolution: "ansi-styles@npm:4.3.0"
  dependencies:
    color-convert: ^2.0.1
  checksum: 513b44c3b2105dd14cc42a19271e80f386466c4be574bccf60b627432f9198571ebf4ab1e4c3ba17347658f4ee1711c163d574248c0c1cdc2d5917a0ad582ec4
  languageName: node
  linkType: hard

"ansi-styles@npm:^6.0.0":
  version: 6.2.1
  resolution: "ansi-styles@npm:6.2.1"
  checksum: ef940f2f0ced1a6347398da88a91da7930c33ecac3c77b72c5905f8b8fe402c52e6fde304ff5347f616e27a742da3f1dc76de98f6866c69251ad0b07a66776d9
  languageName: node
  linkType: hard

"astral-regex@npm:^2.0.0":
  version: 2.0.0
  resolution: "astral-regex@npm:2.0.0"
  checksum: 876231688c66400473ba505731df37ea436e574dd524520294cc3bbc54ea40334865e01fa0d074d74d036ee874ee7e62f486ea38bc421ee8e6a871c06f011766
  languageName: node
  linkType: hard

"author-regex@npm:^1.0.0":
  version: 1.0.0
  resolution: "author-regex@npm:1.0.0"
  checksum: 9ad8bffb02978c7a53cbe0b0ff55988fa9f4429797b2c3783f0964df6ee198663285d7f0f3f981766a8c4fe91633ba62582244c1b54d50096007a0fe115b6898
  languageName: node
  linkType: hard

"balanced-match@npm:^1.0.0":
  version: 1.0.2
  resolution: "balanced-match@npm:1.0.2"
  checksum: 9706c088a283058a8a99e0bf91b0a2f75497f185980d9ffa8b304de1d9e58ebda7c72c07ebf01dadedaac5b2907b2c6f566f660d62bd336c3468e960403b9d65
  languageName: node
  linkType: hard

"brace-expansion@npm:^1.1.7":
  version: 1.1.11
  resolution: "brace-expansion@npm:1.1.11"
  dependencies:
    balanced-match: ^1.0.0
    concat-map: 0.0.1
  checksum: faf34a7bb0c3fcf4b59c7808bc5d2a96a40988addf2e7e09dfbb67a2251800e0d14cd2bfc1aa79174f2f5095c54ff27f46fb1289fe2d77dac755b5eb3434cc07
  languageName: node
  linkType: hard

"braces@npm:^3.0.2":
  version: 3.0.2
  resolution: "braces@npm:3.0.2"
  dependencies:
    fill-range: ^7.0.1
  checksum: e2a8e769a863f3d4ee887b5fe21f63193a891c68b612ddb4b68d82d1b5f3ff9073af066c343e9867a393fe4c2555dcb33e89b937195feb9c1613d259edfcd459
  languageName: node
  linkType: hard

"callsites@npm:^3.0.0":
  version: 3.1.0
  resolution: "callsites@npm:3.1.0"
  checksum: 072d17b6abb459c2ba96598918b55868af677154bec7e73d222ef95a8fdb9bbf7dae96a8421085cdad8cd190d86653b5b6dc55a4484f2e5b2e27d5e0c3fc15b3
  languageName: node
  linkType: hard

"chalk@npm:^2.0.0":
  version: 2.4.2
  resolution: "chalk@npm:2.4.2"
  dependencies:
    ansi-styles: ^3.2.1
    escape-string-regexp: ^1.0.5
    supports-color: ^5.3.0
  checksum: ec3661d38fe77f681200f878edbd9448821924e0f93a9cefc0e26a33b145f1027a2084bf19967160d11e1f03bfe4eaffcabf5493b89098b2782c3fe0b03d80c2
  languageName: node
  linkType: hard

"clean-stack@npm:^2.0.0":
  version: 2.2.0
  resolution: "clean-stack@npm:2.2.0"
  checksum: 2ac8cd2b2f5ec986a3c743935ec85b07bc174d5421a5efc8017e1f146a1cf5f781ae962618f416352103b32c9cd7e203276e8c28241bbe946160cab16149fb68
  languageName: node
  linkType: hard

"cli-cursor@npm:^3.1.0":
  version: 3.1.0
  resolution: "cli-cursor@npm:3.1.0"
  dependencies:
    restore-cursor: ^3.1.0
  checksum: 2692784c6cd2fd85cfdbd11f53aea73a463a6d64a77c3e098b2b4697a20443f430c220629e1ca3b195ea5ac4a97a74c2ee411f3807abf6df2b66211fec0c0a29
  languageName: node
  linkType: hard

"cli-truncate@npm:^2.1.0":
  version: 2.1.0
  resolution: "cli-truncate@npm:2.1.0"
  dependencies:
    slice-ansi: ^3.0.0
    string-width: ^4.2.0
  checksum: bf1e4e6195392dc718bf9cd71f317b6300dc4a9191d052f31046b8773230ece4fa09458813bf0e3455a5e68c0690d2ea2c197d14a8b85a7b5e01c97f4b5feb5d
  languageName: node
  linkType: hard

"cli-truncate@npm:^3.1.0":
  version: 3.1.0
  resolution: "cli-truncate@npm:3.1.0"
  dependencies:
    slice-ansi: ^5.0.0
    string-width: ^5.0.0
  checksum: c3243e41974445691c63f8b405df1d5a24049dc33d324fe448dc572e561a7b772ae982692900b1a5960901cc4fc7def25a629b9c69a4208ee89d12ab3332617a
  languageName: node
  linkType: hard

"color-convert@npm:^1.9.0":
  version: 1.9.3
  resolution: "color-convert@npm:1.9.3"
  dependencies:
    color-name: 1.1.3
  checksum: fd7a64a17cde98fb923b1dd05c5f2e6f7aefda1b60d67e8d449f9328b4e53b228a428fd38bfeaeb2db2ff6b6503a776a996150b80cdf224062af08a5c8a3a203
  languageName: node
  linkType: hard

"color-convert@npm:^2.0.1":
  version: 2.0.1
  resolution: "color-convert@npm:2.0.1"
  dependencies:
    color-name: ~1.1.4
  checksum: 79e6bdb9fd479a205c71d89574fccfb22bd9053bd98c6c4d870d65c132e5e904e6034978e55b43d69fcaa7433af2016ee203ce76eeba9cfa554b373e7f7db336
  languageName: node
  linkType: hard

"color-name@npm:1.1.3":
  version: 1.1.3
  resolution: "color-name@npm:1.1.3"
  checksum: 09c5d3e33d2105850153b14466501f2bfb30324a2f76568a408763a3b7433b0e50e5b4ab1947868e65cb101bb7cb75029553f2c333b6d4b8138a73fcc133d69d
  languageName: node
  linkType: hard

"color-name@npm:~1.1.4":
  version: 1.1.4
  resolution: "color-name@npm:1.1.4"
  checksum: b0445859521eb4021cd0fb0cc1a75cecf67fceecae89b63f62b201cca8d345baf8b952c966862a9d9a2632987d4f6581f0ec8d957dfacece86f0a7919316f610
  languageName: node
  linkType: hard

"colorette@npm:^2.0.16, colorette@npm:^2.0.17":
  version: 2.0.19
  resolution: "colorette@npm:2.0.19"
  checksum: 888cf5493f781e5fcf54ce4d49e9d7d698f96ea2b2ef67906834bb319a392c667f9ec69f4a10e268d2946d13a9503d2d19b3abaaaf174e3451bfe91fb9d82427
  languageName: node
  linkType: hard

"commander@npm:^4.0.1":
  version: 4.1.1
  resolution: "commander@npm:4.1.1"
  checksum: d7b9913ff92cae20cb577a4ac6fcc121bd6223319e54a40f51a14740a681ad5c574fd29a57da478a5f234a6fa6c52cbf0b7c641353e03c648b1ae85ba670b977
  languageName: node
  linkType: hard

"commander@npm:^9.3.0":
  version: 9.4.1
  resolution: "commander@npm:9.4.1"
  checksum: bfb18e325a5bdf772763c2213d5c7d9e77144d944124e988bcd8e5e65fb6d45d5d4e86b09155d0f2556c9a59c31e428720e57968bcd050b2306e910a0bf3cf13
  languageName: node
  linkType: hard

"concat-map@npm:0.0.1":
  version: 0.0.1
  resolution: "concat-map@npm:0.0.1"
  checksum: 902a9f5d8967a3e2faf138d5cb784b9979bad2e6db5357c5b21c568df4ebe62bcb15108af1b2253744844eb964fc023fbd9afbbbb6ddd0bcc204c6fb5b7bf3af
  languageName: node
  linkType: hard

"cosmiconfig@npm:^7.0.0":
  version: 7.1.0
  resolution: "cosmiconfig@npm:7.1.0"
  dependencies:
    "@types/parse-json": ^4.0.0
    import-fresh: ^3.2.1
    parse-json: ^5.0.0
    path-type: ^4.0.0
    yaml: ^1.10.0
  checksum: c53bf7befc1591b2651a22414a5e786cd5f2eeaa87f3678a3d49d6069835a9d8d1aef223728e98aa8fec9a95bf831120d245096db12abe019fecb51f5696c96f
  languageName: node
  linkType: hard

"cross-spawn@npm:^7.0.3":
  version: 7.0.3
  resolution: "cross-spawn@npm:7.0.3"
  dependencies:
    path-key: ^3.1.0
    shebang-command: ^2.0.0
    which: ^2.0.1
  checksum: 671cc7c7288c3a8406f3c69a3ae2fc85555c04169e9d611def9a675635472614f1c0ed0ef80955d5b6d4e724f6ced67f0ad1bb006c2ea643488fcfef994d7f52
  languageName: node
  linkType: hard

"debug@npm:^4.3.4":
  version: 4.3.4
  resolution: "debug@npm:4.3.4"
  dependencies:
    ms: 2.1.2
  peerDependenciesMeta:
    supports-color:
      optional: true
  checksum: 3dbad3f94ea64f34431a9cbf0bafb61853eda57bff2880036153438f50fb5a84f27683ba0d8e5426bf41a8c6ff03879488120cf5b3a761e77953169c0600a708
  languageName: node
  linkType: hard

"eastasianwidth@npm:^0.2.0":
  version: 0.2.0
  resolution: "eastasianwidth@npm:0.2.0"
  checksum: 7d00d7cd8e49b9afa762a813faac332dee781932d6f2c848dc348939c4253f1d4564341b7af1d041853bc3f32c2ef141b58e0a4d9862c17a7f08f68df1e0f1ed
  languageName: node
  linkType: hard

"emoji-regex@npm:^8.0.0":
  version: 8.0.0
  resolution: "emoji-regex@npm:8.0.0"
  checksum: d4c5c39d5a9868b5fa152f00cada8a936868fd3367f33f71be515ecee4c803132d11b31a6222b2571b1e5f7e13890156a94880345594d0ce7e3c9895f560f192
  languageName: node
  linkType: hard

"emoji-regex@npm:^9.2.2":
  version: 9.2.2
  resolution: "emoji-regex@npm:9.2.2"
  checksum: 8487182da74aabd810ac6d6f1994111dfc0e331b01271ae01ec1eb0ad7b5ecc2bbbbd2f053c05cb55a1ac30449527d819bbfbf0e3de1023db308cbcb47f86601
  languageName: node
  linkType: hard

"error-ex@npm:^1.3.1":
  version: 1.3.2
  resolution: "error-ex@npm:1.3.2"
  dependencies:
    is-arrayish: ^0.2.1
  checksum: c1c2b8b65f9c91b0f9d75f0debaa7ec5b35c266c2cac5de412c1a6de86d4cbae04ae44e510378cb14d032d0645a36925d0186f8bb7367bcc629db256b743a001
  languageName: node
  linkType: hard

"escape-string-regexp@npm:^1.0.5":
  version: 1.0.5
  resolution: "escape-string-regexp@npm:1.0.5"
  checksum: 6092fda75c63b110c706b6a9bfde8a612ad595b628f0bd2147eea1d3406723020810e591effc7db1da91d80a71a737a313567c5abb3813e8d9c71f4aa595b410
  languageName: node
  linkType: hard

"execa@npm:^6.1.0":
  version: 6.1.0
  resolution: "execa@npm:6.1.0"
  dependencies:
    cross-spawn: ^7.0.3
    get-stream: ^6.0.1
    human-signals: ^3.0.1
    is-stream: ^3.0.0
    merge-stream: ^2.0.0
    npm-run-path: ^5.1.0
    onetime: ^6.0.0
    signal-exit: ^3.0.7
    strip-final-newline: ^3.0.0
  checksum: 1a4af799839134f5c72eb63d525b87304c1114a63aa71676c91d57ccef2e26f2f53e14c11384ab11c4ec479be1efa83d11c8190e00040355c2c5c3364327fa8e
  languageName: node
  linkType: hard

"fill-range@npm:^7.0.1":
  version: 7.0.1
  resolution: "fill-range@npm:7.0.1"
  dependencies:
    to-regex-range: ^5.0.1
  checksum: cc283f4e65b504259e64fd969bcf4def4eb08d85565e906b7d36516e87819db52029a76b6363d0f02d0d532f0033c9603b9e2d943d56ee3b0d4f7ad3328ff917
  languageName: node
  linkType: hard

"fs-extra@npm:^10.0.0":
  version: 10.1.0
  resolution: "fs-extra@npm:10.1.0"
  dependencies:
    graceful-fs: ^4.2.0
    jsonfile: ^6.0.1
    universalify: ^2.0.0
  checksum: dc94ab37096f813cc3ca12f0f1b5ad6744dfed9ed21e953d72530d103cea193c2f81584a39e9dee1bea36de5ee66805678c0dddc048e8af1427ac19c00fffc50
  languageName: node
  linkType: hard

"fs.realpath@npm:^1.0.0":
  version: 1.0.0
  resolution: "fs.realpath@npm:1.0.0"
  checksum: 99ddea01a7e75aa276c250a04eedeffe5662bce66c65c07164ad6264f9de18fb21be9433ead460e54cff20e31721c811f4fb5d70591799df5f85dce6d6746fd0
  languageName: node
  linkType: hard

"get-stream@npm:^6.0.1":
  version: 6.0.1
  resolution: "get-stream@npm:6.0.1"
  checksum: e04ecece32c92eebf5b8c940f51468cd53554dcbb0ea725b2748be583c9523d00128137966afce410b9b051eb2ef16d657cd2b120ca8edafcf5a65e81af63cad
  languageName: node
  linkType: hard

"glob@npm:^7.1.6":
  version: 7.2.3
  resolution: "glob@npm:7.2.3"
  dependencies:
    fs.realpath: ^1.0.0
    inflight: ^1.0.4
    inherits: 2
    minimatch: ^3.1.1
    once: ^1.3.0
    path-is-absolute: ^1.0.0
  checksum: 29452e97b38fa704dabb1d1045350fb2467cf0277e155aa9ff7077e90ad81d1ea9d53d3ee63bd37c05b09a065e90f16aec4a65f5b8de401d1dac40bc5605d133
  languageName: node
  linkType: hard

"graceful-fs@npm:^4.1.6, graceful-fs@npm:^4.2.0":
  version: 4.2.10
  resolution: "graceful-fs@npm:4.2.10"
  checksum: 3f109d70ae123951905d85032ebeae3c2a5a7a997430df00ea30df0e3a6c60cf6689b109654d6fdacd28810a053348c4d14642da1d075049e6be1ba5216218da
  languageName: node
  linkType: hard

"has-flag@npm:^3.0.0":
  version: 3.0.0
  resolution: "has-flag@npm:3.0.0"
  checksum: 4a15638b454bf086c8148979aae044dd6e39d63904cd452d970374fa6a87623423da485dfb814e7be882e05c096a7ccf1ebd48e7e7501d0208d8384ff4dea73b
  languageName: node
  linkType: hard

"human-signals@npm:^3.0.1":
  version: 3.0.1
  resolution: "human-signals@npm:3.0.1"
  checksum: f252a7769c8094a5c9dc6772816bdb417b188820b04c8b42d0fc468e03a0ba905b1dd07afabe9385cc83504af1ccc2b985cd1e4aeeeb8e0029896c5af2e6f354
  languageName: node
  linkType: hard

"husky@npm:^8.0.2":
  version: 8.0.2
  resolution: "husky@npm:8.0.2"
  bin:
    husky: lib/bin.js
  checksum: e101656fcb56163d610488f186448c78b132626aa427094489d886ce9374955a90274912b0f3a34af3326eaa74977883b032e5f701d7aaf4554daa5a7931be43
  languageName: node
  linkType: hard

"import-fresh@npm:^3.2.1":
  version: 3.3.0
  resolution: "import-fresh@npm:3.3.0"
  dependencies:
    parent-module: ^1.0.0
    resolve-from: ^4.0.0
  checksum: 2cacfad06e652b1edc50be650f7ec3be08c5e5a6f6d12d035c440a42a8cc028e60a5b99ca08a77ab4d6b1346da7d971915828f33cdab730d3d42f08242d09baa
  languageName: node
  linkType: hard

"indent-string@npm:^4.0.0":
  version: 4.0.0
  resolution: "indent-string@npm:4.0.0"
  checksum: 824cfb9929d031dabf059bebfe08cf3137365e112019086ed3dcff6a0a7b698cb80cf67ccccde0e25b9e2d7527aa6cc1fed1ac490c752162496caba3e6699612
  languageName: node
  linkType: hard

"inflight@npm:^1.0.4":
  version: 1.0.6
  resolution: "inflight@npm:1.0.6"
  dependencies:
    once: ^1.3.0
    wrappy: 1
  checksum: f4f76aa072ce19fae87ce1ef7d221e709afb59d445e05d47fba710e85470923a75de35bfae47da6de1b18afc3ce83d70facf44cfb0aff89f0a3f45c0a0244dfd
  languageName: node
  linkType: hard

"inherits@npm:2":
  version: 2.0.4
  resolution: "inherits@npm:2.0.4"
  checksum: 4a48a733847879d6cf6691860a6b1e3f0f4754176e4d71494c41f3475553768b10f84b5ce1d40fbd0e34e6bfbb864ee35858ad4dd2cf31e02fc4a154b724d7f1
  languageName: node
  linkType: hard

"is-arrayish@npm:^0.2.1":
  version: 0.2.1
  resolution: "is-arrayish@npm:0.2.1"
  checksum: eef4417e3c10e60e2c810b6084942b3ead455af16c4509959a27e490e7aee87cfb3f38e01bbde92220b528a0ee1a18d52b787e1458ee86174d8c7f0e58cd488f
  languageName: node
  linkType: hard

"is-fullwidth-code-point@npm:^3.0.0":
  version: 3.0.0
  resolution: "is-fullwidth-code-point@npm:3.0.0"
  checksum: 44a30c29457c7fb8f00297bce733f0a64cd22eca270f83e58c105e0d015e45c019491a4ab2faef91ab51d4738c670daff901c799f6a700e27f7314029e99e348
  languageName: node
  linkType: hard

"is-fullwidth-code-point@npm:^4.0.0":
  version: 4.0.0
  resolution: "is-fullwidth-code-point@npm:4.0.0"
  checksum: 8ae89bf5057bdf4f57b346fb6c55e9c3dd2549983d54191d722d5c739397a903012cc41a04ee3403fd872e811243ef91a7c5196da7b5841dc6b6aae31a264a8d
  languageName: node
  linkType: hard

"is-number@npm:^7.0.0":
  version: 7.0.0
  resolution: "is-number@npm:7.0.0"
  checksum: 456ac6f8e0f3111ed34668a624e45315201dff921e5ac181f8ec24923b99e9f32ca1a194912dc79d539c97d33dba17dc635202ff0b2cf98326f608323276d27a
  languageName: node
  linkType: hard

"is-stream@npm:^3.0.0":
  version: 3.0.0
  resolution: "is-stream@npm:3.0.0"
  checksum: 172093fe99119ffd07611ab6d1bcccfe8bc4aa80d864b15f43e63e54b7abc71e779acd69afdb854c4e2a67fdc16ae710e370eda40088d1cfc956a50ed82d8f16
  languageName: node
  linkType: hard

"isexe@npm:^2.0.0":
  version: 2.0.0
  resolution: "isexe@npm:2.0.0"
  checksum: 26bf6c5480dda5161c820c5b5c751ae1e766c587b1f951ea3fcfc973bafb7831ae5b54a31a69bd670220e42e99ec154475025a468eae58ea262f813fdc8d1c62
  languageName: node
  linkType: hard

"js-tokens@npm:^4.0.0":
  version: 4.0.0
  resolution: "js-tokens@npm:4.0.0"
  checksum: 8a95213a5a77deb6cbe94d86340e8d9ace2b93bc367790b260101d2f36a2eaf4e4e22d9fa9cf459b38af3a32fb4190e638024cf82ec95ef708680e405ea7cc78
  languageName: node
  linkType: hard

"json-parse-even-better-errors@npm:^2.3.0":
  version: 2.3.1
  resolution: "json-parse-even-better-errors@npm:2.3.1"
  checksum: 798ed4cf3354a2d9ccd78e86d2169515a0097a5c133337807cdf7f1fc32e1391d207ccfc276518cc1d7d8d4db93288b8a50ba4293d212ad1336e52a8ec0a941f
  languageName: node
  linkType: hard

"jsonfile@npm:^6.0.1":
  version: 6.1.0
  resolution: "jsonfile@npm:6.1.0"
  dependencies:
    graceful-fs: ^4.1.6
    universalify: ^2.0.0
  dependenciesMeta:
    graceful-fs:
      optional: true
  checksum: 7af3b8e1ac8fe7f1eccc6263c6ca14e1966fcbc74b618d3c78a0a2075579487547b94f72b7a1114e844a1e15bb00d440e5d1720bfc4612d790a6f285d5ea8354
  languageName: node
  linkType: hard

"lilconfig@npm:2.0.5":
  version: 2.0.5
  resolution: "lilconfig@npm:2.0.5"
  checksum: f7bb9e42656f06930ad04e583026f087508ae408d3526b8b54895e934eb2a966b7aafae569656f2c79a29fe6d779b3ec44ba577e80814734c8655d6f71cdf2d1
  languageName: node
  linkType: hard

"lines-and-columns@npm:^1.1.6":
  version: 1.2.4
  resolution: "lines-and-columns@npm:1.2.4"
  checksum: 0c37f9f7fa212b38912b7145e1cd16a5f3cd34d782441c3e6ca653485d326f58b3caccda66efce1c5812bde4961bbde3374fae4b0d11bf1226152337f3894aa5
  languageName: node
  linkType: hard

"lint-staged@npm:^13.0.3":
  version: 13.0.3
  resolution: "lint-staged@npm:13.0.3"
  dependencies:
    cli-truncate: ^3.1.0
    colorette: ^2.0.17
    commander: ^9.3.0
    debug: ^4.3.4
    execa: ^6.1.0
    lilconfig: 2.0.5
    listr2: ^4.0.5
    micromatch: ^4.0.5
    normalize-path: ^3.0.0
    object-inspect: ^1.12.2
    pidtree: ^0.6.0
    string-argv: ^0.3.1
    yaml: ^2.1.1
  bin:
    lint-staged: bin/lint-staged.js
  checksum: 53d585007df06e162febab6b0836b55016d902586a267823c8a1158529d8c742dc7297e523f7023dff02250bef3eb0d6934f4ec4f9961adfc2ebbed5f54162d0
  languageName: node
  linkType: hard

"listr2@npm:^4.0.5":
  version: 4.0.5
  resolution: "listr2@npm:4.0.5"
  dependencies:
    cli-truncate: ^2.1.0
    colorette: ^2.0.16
    log-update: ^4.0.0
    p-map: ^4.0.0
    rfdc: ^1.3.0
    rxjs: ^7.5.5
    through: ^2.3.8
    wrap-ansi: ^7.0.0
  peerDependencies:
    enquirer: ">= 2.3.0 < 3"
  peerDependenciesMeta:
    enquirer:
      optional: true
  checksum: 7af31851abe25969ef0581c6db808117e36af15b131401795182427769d9824f451ba9e8aff6ccd25b6a4f6c8796f816292caf08e5f1f9b1775e8e9c313dc6c5
  languageName: node
  linkType: hard

"log-update@npm:^4.0.0":
  version: 4.0.0
  resolution: "log-update@npm:4.0.0"
  dependencies:
    ansi-escapes: ^4.3.0
    cli-cursor: ^3.1.0
    slice-ansi: ^4.0.0
    wrap-ansi: ^6.2.0
  checksum: ae2f85bbabc1906034154fb7d4c4477c79b3e703d22d78adee8b3862fa913942772e7fa11713e3d96fb46de4e3cabefbf5d0a544344f03b58d3c4bff52aa9eb2
  languageName: node
  linkType: hard

"merge-stream@npm:^2.0.0":
  version: 2.0.0
  resolution: "merge-stream@npm:2.0.0"
  checksum: 6fa4dcc8d86629705cea944a4b88ef4cb0e07656ebf223fa287443256414283dd25d91c1cd84c77987f2aec5927af1a9db6085757cb43d90eb170ebf4b47f4f4
  languageName: node
  linkType: hard

"micromatch@npm:^4.0.5":
  version: 4.0.5
  resolution: "micromatch@npm:4.0.5"
  dependencies:
    braces: ^3.0.2
    picomatch: ^2.3.1
  checksum: 02a17b671c06e8fefeeb6ef996119c1e597c942e632a21ef589154f23898c9c6a9858526246abb14f8bca6e77734aa9dcf65476fca47cedfb80d9577d52843fc
  languageName: node
  linkType: hard

"mimic-fn@npm:^2.1.0":
  version: 2.1.0
  resolution: "mimic-fn@npm:2.1.0"
  checksum: d2421a3444848ce7f84bd49115ddacff29c15745db73f54041edc906c14b131a38d05298dae3081667627a59b2eb1ca4b436ff2e1b80f69679522410418b478a
  languageName: node
  linkType: hard

"mimic-fn@npm:^4.0.0":
  version: 4.0.0
  resolution: "mimic-fn@npm:4.0.0"
  checksum: 995dcece15ee29aa16e188de6633d43a3db4611bcf93620e7e62109ec41c79c0f34277165b8ce5e361205049766e371851264c21ac64ca35499acb5421c2ba56
  languageName: node
  linkType: hard

"minimatch@npm:^3.0.4, minimatch@npm:^3.1.1":
  version: 3.1.2
  resolution: "minimatch@npm:3.1.2"
  dependencies:
    brace-expansion: ^1.1.7
  checksum: c154e566406683e7bcb746e000b84d74465b3a832c45d59912b9b55cd50dee66e5c4b1e5566dba26154040e51672f9aa450a9aef0c97cfc7336b78b7afb9540a
  languageName: node
  linkType: hard

"ms@npm:2.1.2":
  version: 2.1.2
  resolution: "ms@npm:2.1.2"
  checksum: 673cdb2c3133eb050c745908d8ce632ed2c02d85640e2edb3ace856a2266a813b30c613569bf3354fdf4ea7d1a1494add3bfa95e2713baa27d0c2c71fc44f58f
  languageName: node
  linkType: hard

"normalize-path@npm:^3.0.0":
  version: 3.0.0
  resolution: "normalize-path@npm:3.0.0"
  checksum: 88eeb4da891e10b1318c4b2476b6e2ecbeb5ff97d946815ffea7794c31a89017c70d7f34b3c2ebf23ef4e9fc9fb99f7dffe36da22011b5b5c6ffa34f4873ec20
  languageName: node
  linkType: hard

"npm-run-path@npm:^5.1.0":
  version: 5.1.0
  resolution: "npm-run-path@npm:5.1.0"
  dependencies:
    path-key: ^4.0.0
  checksum: dc184eb5ec239d6a2b990b43236845332ef12f4e0beaa9701de724aa797fe40b6bbd0157fb7639d24d3ab13f5d5cf22d223a19c6300846b8126f335f788bee66
  languageName: node
  linkType: hard

"object-inspect@npm:^1.12.2":
  version: 1.12.2
  resolution: "object-inspect@npm:1.12.2"
  checksum: a534fc1b8534284ed71f25ce3a496013b7ea030f3d1b77118f6b7b1713829262be9e6243acbcb3ef8c626e2b64186112cb7f6db74e37b2789b9c789ca23048b2
  languageName: node
  linkType: hard

"once@npm:^1.3.0":
  version: 1.4.0
  resolution: "once@npm:1.4.0"
  dependencies:
    wrappy: 1
  checksum: cd0a88501333edd640d95f0d2700fbde6bff20b3d4d9bdc521bdd31af0656b5706570d6c6afe532045a20bb8dc0849f8332d6f2a416e0ba6d3d3b98806c7db68
  languageName: node
  linkType: hard

"onetime@npm:^5.1.0":
  version: 5.1.2
  resolution: "onetime@npm:5.1.2"
  dependencies:
    mimic-fn: ^2.1.0
  checksum: 2478859ef817fc5d4e9c2f9e5728512ddd1dbc9fb7829ad263765bb6d3b91ce699d6e2332eef6b7dff183c2f490bd3349f1666427eaba4469fba0ac38dfd0d34
  languageName: node
  linkType: hard

"onetime@npm:^6.0.0":
  version: 6.0.0
  resolution: "onetime@npm:6.0.0"
  dependencies:
    mimic-fn: ^4.0.0
  checksum: 0846ce78e440841335d4e9182ef69d5762e9f38aa7499b19f42ea1c4cd40f0b4446094c455c713f9adac3f4ae86f613bb5e30c99e52652764d06a89f709b3788
  languageName: node
  linkType: hard

"p-map@npm:^4.0.0":
  version: 4.0.0
  resolution: "p-map@npm:4.0.0"
  dependencies:
    aggregate-error: ^3.0.0
  checksum: cb0ab21ec0f32ddffd31dfc250e3afa61e103ef43d957cc45497afe37513634589316de4eb88abdfd969fe6410c22c0b93ab24328833b8eb1ccc087fc0442a1c
  languageName: node
  linkType: hard

"parent-module@npm:^1.0.0":
  version: 1.0.1
  resolution: "parent-module@npm:1.0.1"
  dependencies:
    callsites: ^3.0.0
  checksum: 6ba8b255145cae9470cf5551eb74be2d22281587af787a2626683a6c20fbb464978784661478dd2a3f1dad74d1e802d403e1b03c1a31fab310259eec8ac560ff
  languageName: node
  linkType: hard

"parse-author@npm:^2.0.0":
  version: 2.0.0
  resolution: "parse-author@npm:2.0.0"
  dependencies:
    author-regex: ^1.0.0
  checksum: 066ad615de7dbc3c4293eaaf66a65ea81f8e75e2cffcaf9dd3bcdd4dc4cfff1baa3c85bb3adbedfbed2ddee3298ef4e25ef51b524e91d5a5815d8d9598d31367
  languageName: node
  linkType: hard

"parse-json@npm:^5.0.0":
  version: 5.2.0
  resolution: "parse-json@npm:5.2.0"
  dependencies:
    "@babel/code-frame": ^7.0.0
    error-ex: ^1.3.1
    json-parse-even-better-errors: ^2.3.0
    lines-and-columns: ^1.1.6
  checksum: 62085b17d64da57f40f6afc2ac1f4d95def18c4323577e1eced571db75d9ab59b297d1d10582920f84b15985cbfc6b6d450ccbf317644cfa176f3ed982ad87e2
  languageName: node
  linkType: hard

"path-is-absolute@npm:^1.0.0":
  version: 1.0.1
  resolution: "path-is-absolute@npm:1.0.1"
  checksum: 060840f92cf8effa293bcc1bea81281bd7d363731d214cbe5c227df207c34cd727430f70c6037b5159c8a870b9157cba65e775446b0ab06fd5ecc7e54615a3b8
  languageName: node
  linkType: hard

"path-key@npm:^3.1.0":
  version: 3.1.1
  resolution: "path-key@npm:3.1.1"
  checksum: 55cd7a9dd4b343412a8386a743f9c746ef196e57c823d90ca3ab917f90ab9f13dd0ded27252ba49dbdfcab2b091d998bc446f6220cd3cea65db407502a740020
  languageName: node
  linkType: hard

"path-key@npm:^4.0.0":
  version: 4.0.0
  resolution: "path-key@npm:4.0.0"
  checksum: 8e6c314ae6d16b83e93032c61020129f6f4484590a777eed709c4a01b50e498822b00f76ceaf94bc64dbd90b327df56ceadce27da3d83393790f1219e07721d7
  languageName: node
  linkType: hard

"path-type@npm:^4.0.0":
  version: 4.0.0
  resolution: "path-type@npm:4.0.0"
  checksum: 5b1e2daa247062061325b8fdbfd1fb56dde0a448fb1455453276ea18c60685bdad23a445dc148cf87bc216be1573357509b7d4060494a6fd768c7efad833ee45
  languageName: node
  linkType: hard

"picomatch@npm:^2.3.1":
  version: 2.3.1
  resolution: "picomatch@npm:2.3.1"
  checksum: 050c865ce81119c4822c45d3c84f1ced46f93a0126febae20737bd05ca20589c564d6e9226977df859ed5e03dc73f02584a2b0faad36e896936238238b0446cf
  languageName: node
  linkType: hard

"pidtree@npm:^0.6.0":
  version: 0.6.0
  resolution: "pidtree@npm:0.6.0"
  bin:
    pidtree: bin/pidtree.js
  checksum: 8fbc073ede9209dd15e80d616e65eb674986c93be49f42d9ddde8dbbd141bb53d628a7ca4e58ab5c370bb00383f67d75df59a9a226dede8fa801267a7030c27a
  languageName: node
  linkType: hard

"prettier-package-json@npm:^2.7.0":
  version: 2.7.0
  resolution: "prettier-package-json@npm:2.7.0"
  dependencies:
    "@types/parse-author": ^2.0.0
    commander: ^4.0.1
    cosmiconfig: ^7.0.0
    fs-extra: ^10.0.0
    glob: ^7.1.6
    minimatch: ^3.0.4
    parse-author: ^2.0.0
    sort-object-keys: ^1.1.3
    sort-order: ^1.0.1
  bin:
    prettier-package-json: bin/prettier-package-json
  checksum: 1742c8b50766fa54d3b781dae608ddb159eaf38868fc1dcc670bae75e3854f457c16119f92756ead94b182a12ac6d9e5f9d02e9b40c46e338a6d05bec0b5316d
  languageName: node
  linkType: hard

"prettier@npm:^2.7.1":
  version: 2.7.1
  resolution: "prettier@npm:2.7.1"
  bin:
    prettier: bin-prettier.js
  checksum: 55a4409182260866ab31284d929b3cb961e5fdb91fe0d2e099dac92eaecec890f36e524b4c19e6ceae839c99c6d7195817579cdffc8e2c80da0cb794463a748b
  languageName: node
  linkType: hard

"resolve-from@npm:^4.0.0":
  version: 4.0.0
  resolution: "resolve-from@npm:4.0.0"
  checksum: f4ba0b8494846a5066328ad33ef8ac173801a51739eb4d63408c847da9a2e1c1de1e6cbbf72699211f3d13f8fc1325648b169bd15eb7da35688e30a5fb0e4a7f
  languageName: node
  linkType: hard

"restore-cursor@npm:^3.1.0":
  version: 3.1.0
  resolution: "restore-cursor@npm:3.1.0"
  dependencies:
    onetime: ^5.1.0
    signal-exit: ^3.0.2
  checksum: f877dd8741796b909f2a82454ec111afb84eb45890eb49ac947d87991379406b3b83ff9673a46012fca0d7844bb989f45cc5b788254cf1a39b6b5a9659de0630
  languageName: node
  linkType: hard

"rfdc@npm:^1.3.0":
  version: 1.3.0
  resolution: "rfdc@npm:1.3.0"
  checksum: fb2ba8512e43519983b4c61bd3fa77c0f410eff6bae68b08614437bc3f35f91362215f7b4a73cbda6f67330b5746ce07db5dd9850ad3edc91271ad6deea0df32
  languageName: node
  linkType: hard

"rxjs@npm:^7.5.5":
  version: 7.5.7
  resolution: "rxjs@npm:7.5.7"
  dependencies:
    tslib: ^2.1.0
  checksum: edabcdb73b0f7e0f5f6e05c2077aff8c52222ac939069729704357d6406438acca831c24210db320aba269e86dbe1a400f3769c89101791885121a342fb15d9c
  languageName: node
  linkType: hard

"shebang-command@npm:^2.0.0":
  version: 2.0.0
  resolution: "shebang-command@npm:2.0.0"
  dependencies:
    shebang-regex: ^3.0.0
  checksum: 6b52fe87271c12968f6a054e60f6bde5f0f3d2db483a1e5c3e12d657c488a15474121a1d55cd958f6df026a54374ec38a4a963988c213b7570e1d51575cea7fa
  languageName: node
  linkType: hard

"shebang-regex@npm:^3.0.0":
  version: 3.0.0
  resolution: "shebang-regex@npm:3.0.0"
  checksum: 1a2bcae50de99034fcd92ad4212d8e01eedf52c7ec7830eedcf886622804fe36884278f2be8be0ea5fde3fd1c23911643a4e0f726c8685b61871c8908af01222
  languageName: node
  linkType: hard

"signal-exit@npm:^3.0.2, signal-exit@npm:^3.0.7":
  version: 3.0.7
  resolution: "signal-exit@npm:3.0.7"
  checksum: a2f098f247adc367dffc27845853e9959b9e88b01cb301658cfe4194352d8d2bb32e18467c786a7fe15f1d44b233ea35633d076d5e737870b7139949d1ab6318
  languageName: node
  linkType: hard

"slice-ansi@npm:^3.0.0":
  version: 3.0.0
  resolution: "slice-ansi@npm:3.0.0"
  dependencies:
    ansi-styles: ^4.0.0
    astral-regex: ^2.0.0
    is-fullwidth-code-point: ^3.0.0
  checksum: 5ec6d022d12e016347e9e3e98a7eb2a592213a43a65f1b61b74d2c78288da0aded781f665807a9f3876b9daa9ad94f64f77d7633a0458876c3a4fdc4eb223f24
  languageName: node
  linkType: hard

"slice-ansi@npm:^4.0.0":
  version: 4.0.0
  resolution: "slice-ansi@npm:4.0.0"
  dependencies:
    ansi-styles: ^4.0.0
    astral-regex: ^2.0.0
    is-fullwidth-code-point: ^3.0.0
  checksum: 4a82d7f085b0e1b070e004941ada3c40d3818563ac44766cca4ceadd2080427d337554f9f99a13aaeb3b4a94d9964d9466c807b3d7b7541d1ec37ee32d308756
  languageName: node
  linkType: hard

"slice-ansi@npm:^5.0.0":
  version: 5.0.0
  resolution: "slice-ansi@npm:5.0.0"
  dependencies:
    ansi-styles: ^6.0.0
    is-fullwidth-code-point: ^4.0.0
  checksum: 7e600a2a55e333a21ef5214b987c8358fe28bfb03c2867ff2cbf919d62143d1812ac27b4297a077fdaf27a03da3678e49551c93e35f9498a3d90221908a1180e
  languageName: node
  linkType: hard

"sort-object-keys@npm:^1.1.3":
  version: 1.1.3
  resolution: "sort-object-keys@npm:1.1.3"
  checksum: abea944d6722a1710a1aa6e4f9509da085d93d5fc0db23947cb411eedc7731f80022ce8fa68ed83a53dd2ac7441fcf72a3f38c09b3d9bbc4ff80546aa2e151ad
  languageName: node
  linkType: hard

"sort-order@npm:^1.0.1":
  version: 1.0.1
  resolution: "sort-order@npm:1.0.1"
  checksum: 2615e4c30c568a56d14db0030637cf2f9edae3f9e7ce89c7793f50b360df09ea90fbf4a025b1a0ff81d2a5ce2442c56a2ed036cae51aa87725821150492a522f
  languageName: node
  linkType: hard

"string-argv@npm:^0.3.1":
  version: 0.3.1
  resolution: "string-argv@npm:0.3.1"
  checksum: efbd0289b599bee808ce80820dfe49c9635610715429c6b7cc50750f0437e3c2f697c81e5c390208c13b5d5d12d904a1546172a88579f6ee5cbaaaa4dc9ec5cf
  languageName: node
  linkType: hard

"string-width@npm:^4.1.0, string-width@npm:^4.2.0":
  version: 4.2.3
  resolution: "string-width@npm:4.2.3"
  dependencies:
    emoji-regex: ^8.0.0
    is-fullwidth-code-point: ^3.0.0
    strip-ansi: ^6.0.1
  checksum: e52c10dc3fbfcd6c3a15f159f54a90024241d0f149cf8aed2982a2d801d2e64df0bf1dc351cf8e95c3319323f9f220c16e740b06faecd53e2462df1d2b5443fb
  languageName: node
  linkType: hard

"string-width@npm:^5.0.0":
  version: 5.1.2
  resolution: "string-width@npm:5.1.2"
  dependencies:
    eastasianwidth: ^0.2.0
    emoji-regex: ^9.2.2
    strip-ansi: ^7.0.1
  checksum: 7369deaa29f21dda9a438686154b62c2c5f661f8dda60449088f9f980196f7908fc39fdd1803e3e01541970287cf5deae336798337e9319a7055af89dafa7193
  languageName: node
  linkType: hard

"strip-ansi@npm:^6.0.0, strip-ansi@npm:^6.0.1":
  version: 6.0.1
  resolution: "strip-ansi@npm:6.0.1"
  dependencies:
    ansi-regex: ^5.0.1
  checksum: f3cd25890aef3ba6e1a74e20896c21a46f482e93df4a06567cebf2b57edabb15133f1f94e57434e0a958d61186087b1008e89c94875d019910a213181a14fc8c
  languageName: node
  linkType: hard

"strip-ansi@npm:^7.0.1":
  version: 7.0.1
  resolution: "strip-ansi@npm:7.0.1"
  dependencies:
    ansi-regex: ^6.0.1
  checksum: 257f78fa433520e7f9897722731d78599cb3fce29ff26a20a5e12ba4957463b50a01136f37c43707f4951817a75e90820174853d6ccc240997adc5df8f966039
  languageName: node
  linkType: hard

"strip-final-newline@npm:^3.0.0":
  version: 3.0.0
  resolution: "strip-final-newline@npm:3.0.0"
  checksum: 23ee263adfa2070cd0f23d1ac14e2ed2f000c9b44229aec9c799f1367ec001478469560abefd00c5c99ee6f0b31c137d53ec6029c53e9f32a93804e18c201050
  languageName: node
  linkType: hard

"supports-color@npm:^5.3.0":
  version: 5.5.0
  resolution: "supports-color@npm:5.5.0"
  dependencies:
    has-flag: ^3.0.0
  checksum: 95f6f4ba5afdf92f495b5a912d4abee8dcba766ae719b975c56c084f5004845f6f5a5f7769f52d53f40e21952a6d87411bafe34af4a01e65f9926002e38e1dac
  languageName: node
  linkType: hard

"through@npm:^2.3.8":
  version: 2.3.8
  resolution: "through@npm:2.3.8"
  checksum: a38c3e059853c494af95d50c072b83f8b676a9ba2818dcc5b108ef252230735c54e0185437618596c790bbba8fcdaef5b290405981ffa09dce67b1f1bf190cbd
  languageName: node
  linkType: hard

"to-regex-range@npm:^5.0.1":
  version: 5.0.1
  resolution: "to-regex-range@npm:5.0.1"
  dependencies:
    is-number: ^7.0.0
  checksum: f76fa01b3d5be85db6a2a143e24df9f60dd047d151062d0ba3df62953f2f697b16fe5dad9b0ac6191c7efc7b1d9dcaa4b768174b7b29da89d4428e64bc0a20ed
  languageName: node
  linkType: hard

"tslib@npm:^2.1.0":
  version: 2.4.1
  resolution: "tslib@npm:2.4.1"
  checksum: 19480d6e0313292bd6505d4efe096a6b31c70e21cf08b5febf4da62e95c265c8f571f7b36fcc3d1a17e068032f59c269fab3459d6cd3ed6949eafecf64315fca
  languageName: node
  linkType: hard

"turbo-boilerplate@workspace:.":
  version: 0.0.0-use.local
  resolution: "turbo-boilerplate@workspace:."
  dependencies:
    "@types/prettier": ^2
    "@types/prettier-package-json": ^2
    husky: ^8.0.2
    lint-staged: ^13.0.3
    prettier: ^2.7.1
    prettier-package-json: ^2.7.0
    turbo: ^1.6.3
  languageName: unknown
  linkType: soft

"turbo-darwin-64@npm:1.6.3":
  version: 1.6.3
  resolution: "turbo-darwin-64@npm:1.6.3"
  conditions: os=darwin & cpu=x64
  languageName: node
  linkType: hard

"turbo-darwin-arm64@npm:1.6.3":
  version: 1.6.3
  resolution: "turbo-darwin-arm64@npm:1.6.3"
  conditions: os=darwin & cpu=arm64
  languageName: node
  linkType: hard

"turbo-linux-64@npm:1.6.3":
  version: 1.6.3
  resolution: "turbo-linux-64@npm:1.6.3"
  conditions: os=linux & cpu=x64
  languageName: node
  linkType: hard

"turbo-linux-arm64@npm:1.6.3":
  version: 1.6.3
  resolution: "turbo-linux-arm64@npm:1.6.3"
  conditions: os=linux & cpu=arm64
  languageName: node
  linkType: hard

"turbo-windows-64@npm:1.6.3":
  version: 1.6.3
  resolution: "turbo-windows-64@npm:1.6.3"
  conditions: os=win32 & cpu=x64
  languageName: node
  linkType: hard

"turbo-windows-arm64@npm:1.6.3":
  version: 1.6.3
  resolution: "turbo-windows-arm64@npm:1.6.3"
  conditions: os=win32 & cpu=arm64
  languageName: node
  linkType: hard

"turbo@npm:^1.6.3":
  version: 1.6.3
  resolution: "turbo@npm:1.6.3"
  dependencies:
    turbo-darwin-64: 1.6.3
    turbo-darwin-arm64: 1.6.3
    turbo-linux-64: 1.6.3
    turbo-linux-arm64: 1.6.3
    turbo-windows-64: 1.6.3
    turbo-windows-arm64: 1.6.3
  dependenciesMeta:
    turbo-darwin-64:
      optional: true
    turbo-darwin-arm64:
      optional: true
    turbo-linux-64:
      optional: true
    turbo-linux-arm64:
      optional: true
    turbo-windows-64:
      optional: true
    turbo-windows-arm64:
      optional: true
  bin:
    turbo: bin/turbo
  checksum: 35195f4b7623014c25ba152c11a8cb23e51cbd75dc9266d0656692665f85b28faf3496dea8cecacf52795a917410668124186ffbdcf276325ccc3e11df9e9623
  languageName: node
  linkType: hard

"type-fest@npm:^0.21.3":
  version: 0.21.3
  resolution: "type-fest@npm:0.21.3"
  checksum: e6b32a3b3877f04339bae01c193b273c62ba7bfc9e325b8703c4ee1b32dc8fe4ef5dfa54bf78265e069f7667d058e360ae0f37be5af9f153b22382cd55a9afe0
  languageName: node
  linkType: hard

"universalify@npm:^2.0.0":
  version: 2.0.0
  resolution: "universalify@npm:2.0.0"
  checksum: 2406a4edf4a8830aa6813278bab1f953a8e40f2f63a37873ffa9a3bc8f9745d06cc8e88f3572cb899b7e509013f7f6fcc3e37e8a6d914167a5381d8440518c44
  languageName: node
  linkType: hard

"which@npm:^2.0.1":
  version: 2.0.2
  resolution: "which@npm:2.0.2"
  dependencies:
    isexe: ^2.0.0
  bin:
    node-which: ./bin/node-which
  checksum: 1a5c563d3c1b52d5f893c8b61afe11abc3bab4afac492e8da5bde69d550de701cf9806235f20a47b5c8fa8a1d6a9135841de2596535e998027a54589000e66d1
  languageName: node
  linkType: hard

"wrap-ansi@npm:^6.2.0":
  version: 6.2.0
  resolution: "wrap-ansi@npm:6.2.0"
  dependencies:
    ansi-styles: ^4.0.0
    string-width: ^4.1.0
    strip-ansi: ^6.0.0
  checksum: 6cd96a410161ff617b63581a08376f0cb9162375adeb7956e10c8cd397821f7eb2a6de24eb22a0b28401300bf228c86e50617cd568209b5f6775b93c97d2fe3a
  languageName: node
  linkType: hard

"wrap-ansi@npm:^7.0.0":
  version: 7.0.0
  resolution: "wrap-ansi@npm:7.0.0"
  dependencies:
    ansi-styles: ^4.0.0
    string-width: ^4.1.0
    strip-ansi: ^6.0.0
  checksum: a790b846fd4505de962ba728a21aaeda189b8ee1c7568ca5e817d85930e06ef8d1689d49dbf0e881e8ef84436af3a88bc49115c2e2788d841ff1b8b5b51a608b
  languageName: node
  linkType: hard

"wrappy@npm:1":
  version: 1.0.2
  resolution: "wrappy@npm:1.0.2"
  checksum: 159da4805f7e84a3d003d8841557196034155008f817172d4e986bd591f74aa82aa7db55929a54222309e01079a65a92a9e6414da5a6aa4b01ee44a511ac3ee5
  languageName: node
  linkType: hard

"yaml@npm:^1.10.0":
  version: 1.10.2
  resolution: "yaml@npm:1.10.2"
  checksum: ce4ada136e8a78a0b08dc10b4b900936912d15de59905b2bf415b4d33c63df1d555d23acb2a41b23cf9fb5da41c256441afca3d6509de7247daa062fd2c5ea5f
  languageName: node
  linkType: hard

"yaml@npm:^2.1.1":
  version: 2.1.3
  resolution: "yaml@npm:2.1.3"
  checksum: 91316062324a93f9cb547469092392e7d004ff8f70c40fecb420f042a4870b2181557350da56c92f07bd44b8f7a252b0be26e6ade1f548e1f4351bdd01c9d3c7
  languageName: node
  linkType: hard
